
Microsoft Visual Studio Solution File, Format Version 11.00
# Visual Studio 2010
Project("{FAE04EC0-301F-11D3-BF4B-00C04F79EFBC}") = "easyMoney.Data", "easyMoney.Data\easyMoney.Data.csproj", "{88A8BD47-D936-4A91-9208-210DA7E03A46}"
EndProject
Project("{FAE04EC0-301F-11D3-BF4B-00C04F79EFBC}") = "easyMoney.Manager", "easyMoney.Manager\easyMoney.Manager.csproj", "{B322A7AF-AC55-40E8-9656-E25573C4C5FC}"
EndProject
Project("{FAE04EC0-301F-11D3-BF4B-00C04F79EFBC}") = "easyMoney.Controls", "easyMoney.Controls\easyMoney.Controls.csproj", "{88C5C766-D7BA-4A56-BD8E-EA622C342C91}"
EndProject
Project("{FAE04EC0-301F-11D3-BF4B-00C04F79EFBC}") = "easyMoney.Utilities", "easyMoney.Utilities\easyMoney.Utilities.csproj", "{52E0285D-A831-4E30-9EB1-267BAA570D65}"
EndProject
Project("{FAE04EC0-301F-11D3-BF4B-00C04F79EFBC}") = "easyMoney.Reports", "easyMoney.Reports\easyMoney.Reports.csproj", "{72A09E15-DA79-49E6-AF35-BFA132A78DED}"
EndProject
Project("{FAE04EC0-301F-11D3-BF4B-00C04F79EFBC}") = "easyMoney.SimpleReports", "easyMoney.SimpleReports\easyMoney.SimpleReports.csproj", "{AD72FBB4-B5AA-45CE-99BC-7D555FD6A0CE}"
EndProject
Project("{FAE04EC0-301F-11D3-BF4B-00C04F79EFBC}") = "easyMoney.Setup", "easyMoney.Setup\easyMoney.Setup.csproj", "{BCA40EEA-7BCC-4319-88AB-425F9B4CC8D7}"
EndProject
Project("{FAE04EC0-301F-11D3-BF4B-00C04F79EFBC}") = "easyMoney.Presentation.Test", "easyMoney.Presentation.Test\easyMoney.Presentation.Test.csproj", "{74BB0BB2-A625-4042-B08F-06FBF7B6FBA3}"
EndProject
Global
	GlobalSection(SubversionScc) = preSolution
		Svn-Managed = True
		Manager = AnkhSVN - Subversion Support for Visual Studio
	EndGlobalSection
	GlobalSection(SolutionConfigurationPlatforms) = preSolution
		Debug|Any CPU = Debug|Any CPU
		Debug|Mixed Platforms = Debug|Mixed Platforms
		Debug|x86 = Debug|x86
		Release|Any CPU = Release|Any CPU
		Release|Mixed Platforms = Release|Mixed Platforms
		Release|x86 = Release|x86
	EndGlobalSection
	GlobalSection(ProjectConfigurationPlatforms) = postSolution
		{88A8BD47-D936-4A91-9208-210DA7E03A46}.Debug|Any CPU.ActiveCfg = Debug|Any CPU
		{88A8BD47-D936-4A91-9208-210DA7E03A46}.Debug|Any CPU.Build.0 = Debug|Any CPU
		{88A8BD47-D936-4A91-9208-210DA7E03A46}.Debug|Mixed Platforms.ActiveCfg = Debug|Any CPU
		{88A8BD47-D936-4A91-9208-210DA7E03A46}.Debug|Mixed Platforms.Build.0 = Debug|Any CPU
		{88A8BD47-D936-4A91-9208-210DA7E03A46}.Debug|x86.ActiveCfg = Debug|Any CPU
		{88A8BD47-D936-4A91-9208-210DA7E03A46}.Release|Any CPU.ActiveCfg = Release|Any CPU
		{88A8BD47-D936-4A91-9208-210DA7E03A46}.Release|Any CPU.Build.0 = Release|Any CPU
		{88A8BD47-D936-4A91-9208-210DA7E03A46}.Release|Mixed Platforms.ActiveCfg = Release|Any CPU
		{88A8BD47-D936-4A91-9208-210DA7E03A46}.Release|Mixed Platforms.Build.0 = Release|Any CPU
		{88A8BD47-D936-4A91-9208-210DA7E03A46}.Release|x86.ActiveCfg = Release|Any CPU
		{B322A7AF-AC55-40E8-9656-E25573C4C5FC}.Debug|Any CPU.ActiveCfg = Debug|x86
		{B322A7AF-AC55-40E8-9656-E25573C4C5FC}.Debug|Mixed Platforms.ActiveCfg = Debug|x86
		{B322A7AF-AC55-40E8-9656-E25573C4C5FC}.Debug|Mixed Platforms.Build.0 = Debug|x86
		{B322A7AF-AC55-40E8-9656-E25573C4C5FC}.Debug|x86.ActiveCfg = Debug|x86
		{B322A7AF-AC55-40E8-9656-E25573C4C5FC}.Debug|x86.Build.0 = Debug|x86
		{B322A7AF-AC55-40E8-9656-E25573C4C5FC}.Release|Any CPU.ActiveCfg = Release|x86
		{B322A7AF-AC55-40E8-9656-E25573C4C5FC}.Release|Mixed Platforms.ActiveCfg = Release|x86
		{B322A7AF-AC55-40E8-9656-E25573C4C5FC}.Release|Mixed Platforms.Build.0 = Release|x86
		{B322A7AF-AC55-40E8-9656-E25573C4C5FC}.Release|x86.ActiveCfg = Release|x86
		{B322A7AF-AC55-40E8-9656-E25573C4C5FC}.Release|x86.Build.0 = Release|x86
		{88C5C766-D7BA-4A56-BD8E-EA622C342C91}.Debug|Any CPU.ActiveCfg = Debug|Any CPU
		{88C5C766-D7BA-4A56-BD8E-EA622C342C91}.Debug|Any CPU.Build.0 = Debug|Any CPU
		{88C5C766-D7BA-4A56-BD8E-EA622C342C91}.Debug|Mixed Platforms.ActiveCfg = Debug|Any CPU
		{88C5C766-D7BA-4A56-BD8E-EA622C342C91}.Debug|Mixed Platforms.Build.0 = Debug|Any CPU
		{88C5C766-D7BA-4A56-BD8E-EA622C342C91}.Debug|x86.ActiveCfg = Debug|Any CPU
		{88C5C766-D7BA-4A56-BD8E-EA622C342C91}.Release|Any CPU.ActiveCfg = Release|Any CPU
		{88C5C766-D7BA-4A56-BD8E-EA622C342C91}.Release|Any CPU.Build.0 = Release|Any CPU
		{88C5C766-D7BA-4A56-BD8E-EA622C342C91}.Release|Mixed Platforms.ActiveCfg = Release|Any CPU
		{88C5C766-D7BA-4A56-BD8E-EA622C342C91}.Release|Mixed Platforms.Build.0 = Release|Any CPU
		{88C5C766-D7BA-4A56-BD8E-EA622C342C91}.Release|x86.ActiveCfg = Release|Any CPU
		{52E0285D-A831-4E30-9EB1-267BAA570D65}.Debug|Any CPU.ActiveCfg = Debug|Any CPU
		{52E0285D-A831-4E30-9EB1-267BAA570D65}.Debug|Any CPU.Build.0 = Debug|Any CPU
		{52E0285D-A831-4E30-9EB1-267BAA570D65}.Debug|Mixed Platforms.ActiveCfg = Debug|Any CPU
		{52E0285D-A831-4E30-9EB1-267BAA570D65}.Debug|Mixed Platforms.Build.0 = Debug|Any CPU
		{52E0285D-A831-4E30-9EB1-267BAA570D65}.Debug|x86.ActiveCfg = Debug|Any CPU
		{52E0285D-A831-4E30-9EB1-267BAA570D65}.Release|Any CPU.ActiveCfg = Release|Any CPU
		{52E0285D-A831-4E30-9EB1-267BAA570D65}.Release|Any CPU.Build.0 = Release|Any CPU
		{52E0285D-A831-4E30-9EB1-267BAA570D65}.Release|Mixed Platforms.ActiveCfg = Release|Any CPU
		{52E0285D-A831-4E30-9EB1-267BAA570D65}.Release|Mixed Platforms.Build.0 = Release|Any CPU
		{52E0285D-A831-4E30-9EB1-267BAA570D65}.Release|x86.ActiveCfg = Release|Any CPU
		{72A09E15-DA79-49E6-AF35-BFA132A78DED}.Debug|Any CPU.ActiveCfg = Debug|x86
		{72A09E15-DA79-49E6-AF35-BFA132A78DED}.Debug|Mixed Platforms.ActiveCfg = Debug|x86
		{72A09E15-DA79-49E6-AF35-BFA132A78DED}.Debug|Mixed Platforms.Build.0 = Debug|x86
		{72A09E15-DA79-49E6-AF35-BFA132A78DED}.Debug|x86.ActiveCfg = Debug|x86
		{72A09E15-DA79-49E6-AF35-BFA132A78DED}.Debug|x86.Build.0 = Debug|x86
		{72A09E15-DA79-49E6-AF35-BFA132A78DED}.Release|Any CPU.ActiveCfg = Release|x86
		{72A09E15-DA79-49E6-AF35-BFA132A78DED}.Release|Mixed Platforms.ActiveCfg = Release|x86
		{72A09E15-DA79-49E6-AF35-BFA132A78DED}.Release|Mixed Platforms.Build.0 = Release|x86
		{72A09E15-DA79-49E6-AF35-BFA132A78DED}.Release|x86.ActiveCfg = Release|x86
		{72A09E15-DA79-49E6-AF35-BFA132A78DED}.Release|x86.Build.0 = Release|x86
		{AD72FBB4-B5AA-45CE-99BC-7D555FD6A0CE}.Debug|Any CPU.ActiveCfg = Debug|Any CPU
		{AD72FBB4-B5AA-45CE-99BC-7D555FD6A0CE}.Debug|Any CPU.Build.0 = Debug|Any CPU
		{AD72FBB4-B5AA-45CE-99BC-7D555FD6A0CE}.Debug|Mixed Platforms.ActiveCfg = Debug|Any CPU
		{AD72FBB4-B5AA-45CE-99BC-7D555FD6A0CE}.Debug|Mixed Platforms.Build.0 = Debug|Any CPU
		{AD72FBB4-B5AA-45CE-99BC-7D555FD6A0CE}.Debug|x86.ActiveCfg = Debug|Any CPU
		{AD72FBB4-B5AA-45CE-99BC-7D555FD6A0CE}.Release|Any CPU.ActiveCfg = Release|Any CPU
		{AD72FBB4-B5AA-45CE-99BC-7D555FD6A0CE}.Release|Any CPU.Build.0 = Release|Any CPU
		{AD72FBB4-B5AA-45CE-99BC-7D555FD6A0CE}.Release|Mixed Platforms.ActiveCfg = Release|Any CPU
		{AD72FBB4-B5AA-45CE-99BC-7D555FD6A0CE}.Release|Mixed Platforms.Build.0 = Release|Any CPU
		{AD72FBB4-B5AA-45CE-99BC-7D555FD6A0CE}.Release|x86.ActiveCfg = Release|Any CPU
		{BCA40EEA-7BCC-4319-88AB-425F9B4CC8D7}.Debug|Any CPU.ActiveCfg = Debug|Any CPU
		{BCA40EEA-7BCC-4319-88AB-425F9B4CC8D7}.Debug|Any CPU.Build.0 = Debug|Any CPU
		{BCA40EEA-7BCC-4319-88AB-425F9B4CC8D7}.Debug|Mixed Platforms.ActiveCfg = Debug|Any CPU
		{BCA40EEA-7BCC-4319-88AB-425F9B4CC8D7}.Debug|Mixed Platforms.Build.0 = Debug|Any CPU
		{BCA40EEA-7BCC-4319-88AB-425F9B4CC8D7}.Debug|x86.ActiveCfg = Debug|Any CPU
		{BCA40EEA-7BCC-4319-88AB-425F9B4CC8D7}.Release|Any CPU.ActiveCfg = Release|Any CPU
		{BCA40EEA-7BCC-4319-88AB-425F9B4CC8D7}.Release|Any CPU.Build.0 = Release|Any CPU
		{BCA40EEA-7BCC-4319-88AB-425F9B4CC8D7}.Release|Mixed Platforms.ActiveCfg = Release|Any CPU
		{BCA40EEA-7BCC-4319-88AB-425F9B4CC8D7}.Release|Mixed Platforms.Build.0 = Release|Any CPU
		{BCA40EEA-7BCC-4319-88AB-425F9B4CC8D7}.Release|x86.ActiveCfg = Release|Any CPU
		{74BB0BB2-A625-4042-B08F-06FBF7B6FBA3}.Debug|Any CPU.ActiveCfg = Debug|x86
		{74BB0BB2-A625-4042-B08F-06FBF7B6FBA3}.Debug|Mixed Platforms.ActiveCfg = Debug|x86
		{74BB0BB2-A625-4042-B08F-06FBF7B6FBA3}.Debug|Mixed Platforms.Build.0 = Debug|x86
		{74BB0BB2-A625-4042-B08F-06FBF7B6FBA3}.Debug|x86.ActiveCfg = Debug|x86
		{74BB0BB2-A625-4042-B08F-06FBF7B6FBA3}.Debug|x86.Build.0 = Debug|x86
		{74BB0BB2-A625-4042-B08F-06FBF7B6FBA3}.Release|Any CPU.ActiveCfg = Release|x86
		{74BB0BB2-A625-4042-B08F-06FBF7B6FBA3}.Release|Mixed Platforms.ActiveCfg = Release|x86
		{74BB0BB2-A625-4042-B08F-06FBF7B6FBA3}.Release|Mixed Platforms.Build.0 = Release|x86
		{74BB0BB2-A625-4042-B08F-06FBF7B6FBA3}.Release|x86.ActiveCfg = Release|x86
		{74BB0BB2-A625-4042-B08F-06FBF7B6FBA3}.Release|x86.Build.0 = Release|x86
	EndGlobalSection
	GlobalSection(SolutionProperties) = preSolution
		HideSolutionNode = FALSE
	EndGlobalSection
EndGlobal
